# THIS IS AN AUTOGENERATED FILE. DO NOT EDIT THIS FILE DIRECTLY.
# yarn lockfile v1


"@prisma/bar@^0.0.0":
  version "0.0.0"
  resolved "https://registry.yarnpkg.com/@prisma/bar/-/bar-0.0.0.tgz#9daff159a1a09abf7665a8b6e40ddc1fdc1ed4f7"
  integrity sha512-3nez9n/vMyAr4+nmqj6Xh3cGZbreYHr3RWX0vgtrFRpiN6otuCzL+9HW8MW/DfZNuFz5YyIdfwnRSPueUZPoWQ==

"@prisma/cli@^2.10.2":
  version "2.10.2"
  resolved "https://registry.yarnpkg.com/@prisma/cli/-/cli-2.10.2.tgz#74191358fac59c82193adced84b94a2cabe1d420"
  integrity sha512-fpWwJNA5VO66d4RZpbvY6bXV5bisYCIa/Ae0TWPxXCKPyErbHQa0+vznq0M6v++VpfQC0v32E3k+2GIv18JlCQ==
  dependencies:
    "@prisma/bar" "^0.0.0"
    "@prisma/engines" "2.10.1-6-7d0087eadc7265e12d4b8d8c3516b02c4c965111"

"@prisma/client@^2.10.2":
  version "2.10.2"
  resolved "https://registry.yarnpkg.com/@prisma/client/-/client-2.10.2.tgz#2f37f3ea9aefa24cd80f1ff2e196250a5ec7ba75"
  integrity sha512-55YKXgm5IQP/roKZCTn8ySFjgNwMSS/x3kOcUuDzpDtHXGpSXUkpeH6eqwnj6iq17DLxYqqw8gDGb4+WnIlohw==
  dependencies:
    "@prisma/engines-version" "2.10.1-6-7d0087eadc7265e12d4b8d8c3516b02c4c965111"

"@prisma/engines-version@2.10.1-6-7d0087eadc7265e12d4b8d8c3516b02c4c965111":
  version "2.10.1-6-7d0087eadc7265e12d4b8d8c3516b02c4c965111"
  resolved "https://registry.yarnpkg.com/@prisma/engines-version/-/engines-version-2.10.1-6-7d0087eadc7265e12d4b8d8c3516b02c4c965111.tgz#7f96aa61085fc803f81b3df0fa32297909ce4b08"
  integrity sha512-OuOSTvEzXJwCJzNqZ9N/+J3lO64HgX9uGiVOuvlTrRSXoLZk0Q2IiLAx8qhY1U7jPpHJ7LTlZuGNScimqonpJg==

"@prisma/engines@2.10.1-6-7d0087eadc7265e12d4b8d8c3516b02c4c965111":
  version "2.10.1-6-7d0087eadc7265e12d4b8d8c3516b02c4c965111"
  resolved "https://registry.yarnpkg.com/@prisma/engines/-/engines-2.10.1-6-7d0087eadc7265e12d4b8d8c3516b02c4c965111.tgz#614e82316270333d31a1581e533ef0c275b2b5f6"
  integrity sha512-F/I8mmYMQnEFX47jl7Su8Pmvpua1wti9Uq3IUlSCqLQsrOmuMj+GKQ5nYEewmcynqBlyVcpUyxF5iAWbmUVdjw==
